
Microsoft Visual Studio Solution File, Format Version 12.00
# Visual Studio Version 17
VisualStudioVersion = 17.5.002.0
MinimumVisualStudioVersion = 10.0.40219.1
Project("{2150E333-8FDC-42A3-9474-1A3956D46DE8}") = "prepare", "prepare", "{EC547208-0BDF-42D8-B734-C702F800F000}"
EndProject
Project("{9A19103F-16F7-4668-BE54-9A1E7A4F7556}") = "Learning02", "prepare\Learning02\Learning02.csproj", "{92172588-8A17-49F6-953A-355C4AC95513}"
EndProject
Project("{9A19103F-16F7-4668-BE54-9A1E7A4F7556}") = "Learning05", "prepare\Learning05\Learning05.csproj", "{8E9BC8BD-9465-43EF-A973-2D9A11C52F7A}"
EndProject
Project("{9A19103F-16F7-4668-BE54-9A1E7A4F7556}") = "Learning04", "prepare\Learning04\Learning04.csproj", "{10BC43BC-C94F-4202-8D57-930B0678A7AA}"
EndProject
Project("{9A19103F-16F7-4668-BE54-9A1E7A4F7556}") = "Learning03", "prepare\Learning03\Learning03.csproj", "{C07EDDF1-8930-414A-9585-FCDA6BF36997}"
EndProject
Project("{2150E333-8FDC-42A3-9474-1A3956D46DE8}") = "prove", "prove", "{BE47C1AA-77DC-4DF5-BBDB-6AB35D2A4E70}"
EndProject
Project("{9A19103F-16F7-4668-BE54-9A1E7A4F7556}") = "Develop03", "prove\Develop03\Develop03.csproj", "{AD146C19-E751-4AFA-BD2F-D01F4D3B6F35}"
EndProject
Project("{9A19103F-16F7-4668-BE54-9A1E7A4F7556}") = "Develop04", "prove\Develop04\Develop04.csproj", "{A8B9842F-D312-4590-94AC-4F5AA93FE0ED}"
EndProject
Project("{9A19103F-16F7-4668-BE54-9A1E7A4F7556}") = "Develop05", "prove\Develop05\Develop05.csproj", "{C3D77A51-94FD-4AF6-B495-F2790533CBC6}"
EndProject
Project("{9A19103F-16F7-4668-BE54-9A1E7A4F7556}") = "Develop02", "prove\Develop02\Develop02.csproj", "{1256F763-548D-4365-8467-80A3DE2CF52F}"
EndProject
Project("{2150E333-8FDC-42A3-9474-1A3956D46DE8}") = "sandbox", "sandbox", "{3FEE17F1-458E-42C0-A294-804B22D97A7F}"
EndProject
Project("{9A19103F-16F7-4668-BE54-9A1E7A4F7556}") = "Sandbox", "sandbox\Sandbox\Sandbox.csproj", "{A2AB10D3-8A34-4AF5-9B0D-ED854BE5F40A}"
EndProject
Project("{2150E333-8FDC-42A3-9474-1A3956D46DE8}") = "final", "final", "{5AE8C20C-AAC3-4EFA-902A-7CB806D0C4C7}"
EndProject
Project("{9A19103F-16F7-4668-BE54-9A1E7A4F7556}") = "FinalProject", "final\FinalProject\FinalProject.csproj", "{D9A5433A-402D-470B-BABF-838E14E84930}"
EndProject
Project("{9A19103F-16F7-4668-BE54-9A1E7A4F7556}") = "Foundation1", "final\Foundation1\Foundation1.csproj", "{22ACBD50-74F5-4946-960E-7DBE9D4BEB1E}"
EndProject
Project("{9A19103F-16F7-4668-BE54-9A1E7A4F7556}") = "Foundation4", "final\Foundation4\Foundation4.csproj", "{FE8EC8EB-0262-47E3-9F4E-BFE73EC95015}"
EndProject
Project("{9A19103F-16F7-4668-BE54-9A1E7A4F7556}") = "Foundation3", "final\Foundation3\Foundation3.csproj", "{43007502-B24D-4E04-A1A8-6B5A4BA9EBC2}"
EndProject
Project("{9A19103F-16F7-4668-BE54-9A1E7A4F7556}") = "Foundation2", "final\Foundation2\Foundation2.csproj", "{9D4CF3DD-506E-4515-8F6B-B3B641195ECB}"
EndProject
Project("{2150E333-8FDC-42A3-9474-1A3956D46DE8}") = "csharp-prep", "csharp-prep", "{82372B0D-2138-4EFA-9F21-2AD89289C1AD}"
EndProject
Project("{9A19103F-16F7-4668-BE54-9A1E7A4F7556}") = "Prep1", "csharp-prep\Prep1\Prep1.csproj", "{21A907B9-B743-4548-BC94-EFF99F1A3F4C}"
EndProject
Project("{9A19103F-16F7-4668-BE54-9A1E7A4F7556}") = "Prep5", "csharp-prep\Prep5\Prep5.csproj", "{36B176C0-1F73-430A-927B-E3817D02A783}"
EndProject
Project("{9A19103F-16F7-4668-BE54-9A1E7A4F7556}") = "Prep2", "csharp-prep\Prep2\Prep2.csproj", "{162DBD48-0EF8-4BBF-95D8-8BE222EFF409}"
EndProject
Project("{9A19103F-16F7-4668-BE54-9A1E7A4F7556}") = "Prep3", "csharp-prep\Prep3\Prep3.csproj", "{CC4CC9BF-F4F6-4187-AA74-24AE7F7E5C51}"
EndProject
Project("{9A19103F-16F7-4668-BE54-9A1E7A4F7556}") = "Prep4", "csharp-prep\Prep4\Prep4.csproj", "{3F40693C-2147-474A-A91B-70432397F59F}"
EndProject
Global
	GlobalSection(SolutionConfigurationPlatforms) = preSolution
		Debug|Any CPU = Debug|Any CPU
		Release|Any CPU = Release|Any CPU
	EndGlobalSection
	GlobalSection(ProjectConfigurationPlatforms) = postSolution
		{92172588-8A17-49F6-953A-355C4AC95513}.Debug|Any CPU.ActiveCfg = Debug|Any CPU
		{92172588-8A17-49F6-953A-355C4AC95513}.Debug|Any CPU.Build.0 = Debug|Any CPU
		{92172588-8A17-49F6-953A-355C4AC95513}.Release|Any CPU.ActiveCfg = Release|Any CPU
		{92172588-8A17-49F6-953A-355C4AC95513}.Release|Any CPU.Build.0 = Release|Any CPU
		{8E9BC8BD-9465-43EF-A973-2D9A11C52F7A}.Debug|Any CPU.ActiveCfg = Debug|Any CPU
		{8E9BC8BD-9465-43EF-A973-2D9A11C52F7A}.Debug|Any CPU.Build.0 = Debug|Any CPU
		{8E9BC8BD-9465-43EF-A973-2D9A11C52F7A}.Release|Any CPU.ActiveCfg = Release|Any CPU
		{8E9BC8BD-9465-43EF-A973-2D9A11C52F7A}.Release|Any CPU.Build.0 = Release|Any CPU
		{10BC43BC-C94F-4202-8D57-930B0678A7AA}.Debug|Any CPU.ActiveCfg = Debug|Any CPU
		{10BC43BC-C94F-4202-8D57-930B0678A7AA}.Debug|Any CPU.Build.0 = Debug|Any CPU
		{10BC43BC-C94F-4202-8D57-930B0678A7AA}.Release|Any CPU.ActiveCfg = Release|Any CPU
		{10BC43BC-C94F-4202-8D57-930B0678A7AA}.Release|Any CPU.Build.0 = Release|Any CPU
		{C07EDDF1-8930-414A-9585-FCDA6BF36997}.Debug|Any CPU.ActiveCfg = Debug|Any CPU
		{C07EDDF1-8930-414A-9585-FCDA6BF36997}.Debug|Any CPU.Build.0 = Debug|Any CPU
		{C07EDDF1-8930-414A-9585-FCDA6BF36997}.Release|Any CPU.ActiveCfg = Release|Any CPU
		{C07EDDF1-8930-414A-9585-FCDA6BF36997}.Release|Any CPU.Build.0 = Release|Any CPU
		{AD146C19-E751-4AFA-BD2F-D01F4D3B6F35}.Debug|Any CPU.ActiveCfg = Debug|Any CPU
		{AD146C19-E751-4AFA-BD2F-D01F4D3B6F35}.Debug|Any CPU.Build.0 = Debug|Any CPU
		{AD146C19-E751-4AFA-BD2F-D01F4D3B6F35}.Release|Any CPU.ActiveCfg = Release|Any CPU
		{AD146C19-E751-4AFA-BD2F-D01F4D3B6F35}.Release|Any CPU.Build.0 = Release|Any CPU
		{A8B9842F-D312-4590-94AC-4F5AA93FE0ED}.Debug|Any CPU.ActiveCfg = Debug|Any CPU
		{A8B9842F-D312-4590-94AC-4F5AA93FE0ED}.Debug|Any CPU.Build.0 = Debug|Any CPU
		{A8B9842F-D312-4590-94AC-4F5AA93FE0ED}.Release|Any CPU.ActiveCfg = Release|Any CPU
		{A8B9842F-D312-4590-94AC-4F5AA93FE0ED}.Release|Any CPU.Build.0 = Release|Any CPU
		{C3D77A51-94FD-4AF6-B495-F2790533CBC6}.Debug|Any CPU.ActiveCfg = Debug|Any CPU
		{C3D77A51-94FD-4AF6-B495-F2790533CBC6}.Debug|Any CPU.Build.0 = Debug|Any CPU
		{C3D77A51-94FD-4AF6-B495-F2790533CBC6}.Release|Any CPU.ActiveCfg = Release|Any CPU
		{C3D77A51-94FD-4AF6-B495-F2790533CBC6}.Release|Any CPU.Build.0 = Release|Any CPU
		{1256F763-548D-4365-8467-80A3DE2CF52F}.Debug|Any CPU.ActiveCfg = Debug|Any CPU
		{1256F763-548D-4365-8467-80A3DE2CF52F}.Debug|Any CPU.Build.0 = Debug|Any CPU
		{1256F763-548D-4365-8467-80A3DE2CF52F}.Release|Any CPU.ActiveCfg = Release|Any CPU
		{1256F763-548D-4365-8467-80A3DE2CF52F}.Release|Any CPU.Build.0 = Release|Any CPU
		{A2AB10D3-8A34-4AF5-9B0D-ED854BE5F40A}.Debug|Any CPU.ActiveCfg = Debug|Any CPU
		{A2AB10D3-8A34-4AF5-9B0D-ED854BE5F40A}.Debug|Any CPU.Build.0 = Debug|Any CPU
		{A2AB10D3-8A34-4AF5-9B0D-ED854BE5F40A}.Release|Any CPU.ActiveCfg = Release|Any CPU
		{A2AB10D3-8A34-4AF5-9B0D-ED854BE5F40A}.Release|Any CPU.Build.0 = Release|Any CPU
		{D9A5433A-402D-470B-BABF-838E14E84930}.Debug|Any CPU.ActiveCfg = Debug|Any CPU
		{D9A5433A-402D-470B-BABF-838E14E84930}.Debug|Any CPU.Build.0 = Debug|Any CPU
		{D9A5433A-402D-470B-BABF-838E14E84930}.Release|Any CPU.ActiveCfg = Release|Any CPU
		{D9A5433A-402D-470B-BABF-838E14E84930}.Release|Any CPU.Build.0 = Release|Any CPU
		{22ACBD50-74F5-4946-960E-7DBE9D4BEB1E}.Debug|Any CPU.ActiveCfg = Debug|Any CPU
		{22ACBD50-74F5-4946-960E-7DBE9D4BEB1E}.Debug|Any CPU.Build.0 = Debug|Any CPU
		{22ACBD50-74F5-4946-960E-7DBE9D4BEB1E}.Release|Any CPU.ActiveCfg = Release|Any CPU
		{22ACBD50-74F5-4946-960E-7DBE9D4BEB1E}.Release|Any CPU.Build.0 = Release|Any CPU
		{FE8EC8EB-0262-47E3-9F4E-BFE73EC95015}.Debug|Any CPU.ActiveCfg = Debug|Any CPU
		{FE8EC8EB-0262-47E3-9F4E-BFE73EC95015}.Debug|Any CPU.Build.0 = Debug|Any CPU
		{FE8EC8EB-0262-47E3-9F4E-BFE73EC95015}.Release|Any CPU.ActiveCfg = Release|Any CPU
		{FE8EC8EB-0262-47E3-9F4E-BFE73EC95015}.Release|Any CPU.Build.0 = Release|Any CPU
		{43007502-B24D-4E04-A1A8-6B5A4BA9EBC2}.Debug|Any CPU.ActiveCfg = Debug|Any CPU
		{43007502-B24D-4E04-A1A8-6B5A4BA9EBC2}.Debug|Any CPU.Build.0 = Debug|Any CPU
		{43007502-B24D-4E04-A1A8-6B5A4BA9EBC2}.Release|Any CPU.ActiveCfg = Release|Any CPU
		{43007502-B24D-4E04-A1A8-6B5A4BA9EBC2}.Release|Any CPU.Build.0 = Release|Any CPU
		{9D4CF3DD-506E-4515-8F6B-B3B641195ECB}.Debug|Any CPU.ActiveCfg = Debug|Any CPU
		{9D4CF3DD-506E-4515-8F6B-B3B641195ECB}.Debug|Any CPU.Build.0 = Debug|Any CPU
		{9D4CF3DD-506E-4515-8F6B-B3B641195ECB}.Release|Any CPU.ActiveCfg = Release|Any CPU
		{9D4CF3DD-506E-4515-8F6B-B3B641195ECB}.Release|Any CPU.Build.0 = Release|Any CPU
		{21A907B9-B743-4548-BC94-EFF99F1A3F4C}.Debug|Any CPU.ActiveCfg = Debug|Any CPU
		{21A907B9-B743-4548-BC94-EFF99F1A3F4C}.Debug|Any CPU.Build.0 = Debug|Any CPU
		{21A907B9-B743-4548-BC94-EFF99F1A3F4C}.Release|Any CPU.ActiveCfg = Release|Any CPU
		{21A907B9-B743-4548-BC94-EFF99F1A3F4C}.Release|Any CPU.Build.0 = Release|Any CPU
		{36B176C0-1F73-430A-927B-E3817D02A783}.Debug|Any CPU.ActiveCfg = Debug|Any CPU
		{36B176C0-1F73-430A-927B-E3817D02A783}.Debug|Any CPU.Build.0 = Debug|Any CPU
		{36B176C0-1F73-430A-927B-E3817D02A783}.Release|Any CPU.ActiveCfg = Release|Any CPU
		{36B176C0-1F73-430A-927B-E3817D02A783}.Release|Any CPU.Build.0 = Release|Any CPU
		{162DBD48-0EF8-4BBF-95D8-8BE222EFF409}.Debug|Any CPU.ActiveCfg = Debug|Any CPU
		{162DBD48-0EF8-4BBF-95D8-8BE222EFF409}.Debug|Any CPU.Build.0 = Debug|Any CPU
		{162DBD48-0EF8-4BBF-95D8-8BE222EFF409}.Release|Any CPU.ActiveCfg = Release|Any CPU
		{162DBD48-0EF8-4BBF-95D8-8BE222EFF409}.Release|Any CPU.Build.0 = Release|Any CPU
		{CC4CC9BF-F4F6-4187-AA74-24AE7F7E5C51}.Debug|Any CPU.ActiveCfg = Debug|Any CPU
		{CC4CC9BF-F4F6-4187-AA74-24AE7F7E5C51}.Debug|Any CPU.Build.0 = Debug|Any CPU
		{CC4CC9BF-F4F6-4187-AA74-24AE7F7E5C51}.Release|Any CPU.ActiveCfg = Release|Any CPU
		{CC4CC9BF-F4F6-4187-AA74-24AE7F7E5C51}.Release|Any CPU.Build.0 = Release|Any CPU
		{3F40693C-2147-474A-A91B-70432397F59F}.Debug|Any CPU.ActiveCfg = Debug|Any CPU
		{3F40693C-2147-474A-A91B-70432397F59F}.Debug|Any CPU.Build.0 = Debug|Any CPU
		{3F40693C-2147-474A-A91B-70432397F59F}.Release|Any CPU.ActiveCfg = Release|Any CPU
		{3F40693C-2147-474A-A91B-70432397F59F}.Release|Any CPU.Build.0 = Release|Any CPU
	EndGlobalSection
	GlobalSection(SolutionProperties) = preSolution
		HideSolutionNode = FALSE
	EndGlobalSection
	GlobalSection(NestedProjects) = preSolution
		{92172588-8A17-49F6-953A-355C4AC95513} = {EC547208-0BDF-42D8-B734-C702F800F000}
		{8E9BC8BD-9465-43EF-A973-2D9A11C52F7A} = {EC547208-0BDF-42D8-B734-C702F800F000}
		{10BC43BC-C94F-4202-8D57-930B0678A7AA} = {EC547208-0BDF-42D8-B734-C702F800F000}
		{C07EDDF1-8930-414A-9585-FCDA6BF36997} = {EC547208-0BDF-42D8-B734-C702F800F000}
		{AD146C19-E751-4AFA-BD2F-D01F4D3B6F35} = {BE47C1AA-77DC-4DF5-BBDB-6AB35D2A4E70}
		{A8B9842F-D312-4590-94AC-4F5AA93FE0ED} = {BE47C1AA-77DC-4DF5-BBDB-6AB35D2A4E70}
		{C3D77A51-94FD-4AF6-B495-F2790533CBC6} = {BE47C1AA-77DC-4DF5-BBDB-6AB35D2A4E70}
		{1256F763-548D-4365-8467-80A3DE2CF52F} = {BE47C1AA-77DC-4DF5-BBDB-6AB35D2A4E70}
		{A2AB10D3-8A34-4AF5-9B0D-ED854BE5F40A} = {3FEE17F1-458E-42C0-A294-804B22D97A7F}
		{D9A5433A-402D-470B-BABF-838E14E84930} = {5AE8C20C-AAC3-4EFA-902A-7CB806D0C4C7}
		{22ACBD50-74F5-4946-960E-7DBE9D4BEB1E} = {5AE8C20C-AAC3-4EFA-902A-7CB806D0C4C7}
		{FE8EC8EB-0262-47E3-9F4E-BFE73EC95015} = {5AE8C20C-AAC3-4EFA-902A-7CB806D0C4C7}
		{43007502-B24D-4E04-A1A8-6B5A4BA9EBC2} = {5AE8C20C-AAC3-4EFA-902A-7CB806D0C4C7}
		{9D4CF3DD-506E-4515-8F6B-B3B641195ECB} = {5AE8C20C-AAC3-4EFA-902A-7CB806D0C4C7}
		{21A907B9-B743-4548-BC94-EFF99F1A3F4C} = {82372B0D-2138-4EFA-9F21-2AD89289C1AD}
		{36B176C0-1F73-430A-927B-E3817D02A783} = {82372B0D-2138-4EFA-9F21-2AD89289C1AD}
		{162DBD48-0EF8-4BBF-95D8-8BE222EFF409} = {82372B0D-2138-4EFA-9F21-2AD89289C1AD}
		{CC4CC9BF-F4F6-4187-AA74-24AE7F7E5C51} = {82372B0D-2138-4EFA-9F21-2AD89289C1AD}
		{3F40693C-2147-474A-A91B-70432397F59F} = {82372B0D-2138-4EFA-9F21-2AD89289C1AD}
	EndGlobalSection
	GlobalSection(ExtensibilityGlobals) = postSolution
		SolutionGuid = {48FDB75D-1E66-4778-9415-3AAF98DE024C}
	EndGlobalSection
EndGlobal
